{
  "name": "lab-2-parcel",
  "version": "1.0.0",
  "lockfileVersion": 3,
  "requires": true,
  "packages": {
    "": {
      "name": "lab-2-parcel",
      "version": "1.0.0",
      "license": "MIT",
      "dependencies": {
        "p5": "^1.9.1"
      }
    },
    "node_modules/p5": {
      "version": "1.9.1",
      "resolved": "https://registry.npmjs.org/p5/-/p5-1.9.1.tgz",
      "integrity": "sha512-TpuCll0KwyY8jyQbY9j4wCt+pA3Qv0egd4MqkrhJ58pBgdj5im5XsKpP/64gepDilJXTk126vWXiNAPeSezNdg=="
    }
  }
}
